
Microsoft Visual Studio Solution File, Format Version 12.00
# Visual Studio 15
VisualStudioVersion = 15.0.28010.0
MinimumVisualStudioVersion = 10.0.40219.1
Project("{FAE04EC0-301F-11D3-BF4B-00C04F79EFBC}") = "HelloWorldGH", "HelloWorldGH\HelloWorldGH.csproj", "{C3403238-695D-4BF2-B42A-6646DA5AFBDF}"
EndProject
Global
	GlobalSection(SolutionConfigurationPlatforms) = preSolution
		Debug|Any CPU = Debug|Any CPU
		Release|Any CPU = Release|Any CPU
	EndGlobalSection
	GlobalSection(ProjectConfigurationPlatforms) = postSolution
		{C3403238-695D-4BF2-B42A-6646DA5AFBDF}.Debug|Any CPU.ActiveCfg = Debug|Any CPU
		{C3403238-695D-4BF2-B42A-6646DA5AFBDF}.Debug|Any CPU.Build.0 = Debug|Any CPU
		{C3403238-695D-4BF2-B42A-6646DA5AFBDF}.Release|Any CPU.ActiveCfg = Release|Any CPU
		{C3403238-695D-4BF2-B42A-6646DA5AFBDF}.Release|Any CPU.Build.0 = Release|Any CPU
	EndGlobalSection
	GlobalSection(SolutionProperties) = preSolution
		HideSolutionNode = FALSE
	EndGlobalSection
	GlobalSection(ExtensibilityGlobals) = postSolution
		SolutionGuid = {206D3B60-C0E2-4D48-AAE1-3F7A59CF0AB6}
	EndGlobalSection
EndGlobal
